{
  "version": 4,
  "terraform_version": "1.13.5",
  "serial": 18,
  "lineage": "f52429b0-be66-a896-4201-5db212485379",
  "outputs": {},
  "resources": [
    {
      "mode": "managed",
      "type": "google_compute_network",
      "name": "gke_vpc",
      "provider": "provider[\"registry.terraform.io/hashicorp/google\"]",
      "instances": [
        {
          "schema_version": 0,
          "attributes": {
            "auto_create_subnetworks": false,
            "bgp_always_compare_med": false,
            "bgp_best_path_selection_mode": "LEGACY",
            "bgp_inter_region_cost": "",
            "delete_default_routes_on_create": false,
            "description": "",
            "enable_ula_internal_ipv6": false,
            "gateway_ipv4": "",
            "id": "projects/prod-project-477306/global/networks/dev-vpc",
            "internal_ipv6_range": "",
            "mtu": 0,
            "name": "dev-vpc",
            "network_firewall_policy_enforcement_order": "AFTER_CLASSIC_FIREWALL",
            "network_id": "8157711720887179399",
            "network_profile": "",
            "numeric_id": "8157711720887179399",
            "params": [],
            "project": "prod-project-477306",
            "routing_mode": "REGIONAL",
            "self_link": "https://www.googleapis.com/compute/v1/projects/prod-project-477306/global/networks/dev-vpc",
            "timeouts": null
          },
          "sensitive_attributes": [],
          "identity_schema_version": 0,
          "private": "eyJlMmJmYjczMC1lY2FhLTExZTYtOGY4OC0zNDM2M2JjN2M0YzAiOnsiY3JlYXRlIjoxMjAwMDAwMDAwMDAwLCJkZWxldGUiOjEyMDAwMDAwMDAwMDAsInVwZGF0ZSI6MTIwMDAwMDAwMDAwMH19"
        }
      ]
    },
    {
      "mode": "managed",
      "type": "google_compute_subnetwork",
      "name": "gke_subnet",
      "provider": "provider[\"registry.terraform.io/hashicorp/google\"]",
      "instances": [
        {
          "schema_version": 0,
          "attributes": {
            "creation_timestamp": "2025-11-27T16:01:58.237-08:00",
            "description": "",
            "external_ipv6_prefix": "",
            "fingerprint": null,
            "gateway_address": "10.0.0.1",
            "id": "projects/prod-project-477306/regions/us-central1/subnetworks/dev-subnet",
            "internal_ipv6_prefix": "",
            "ip_cidr_range": "10.0.0.0/16",
            "ip_collection": null,
            "ipv6_access_type": "",
            "ipv6_cidr_range": "",
            "ipv6_gce_endpoint": "",
            "log_config": [],
            "name": "dev-subnet",
            "network": "https://www.googleapis.com/compute/v1/projects/prod-project-477306/global/networks/dev-vpc",
            "params": [],
            "private_ip_google_access": true,
            "private_ipv6_google_access": "DISABLE_GOOGLE_ACCESS",
            "project": "prod-project-477306",
            "purpose": "PRIVATE",
            "region": "us-central1",
            "reserved_internal_range": "",
            "role": "",
            "secondary_ip_range": [
              {
                "ip_cidr_range": "10.168.0.0/14",
                "range_name": "gke-gke-standard-cluster-pods-c941596a",
                "reserved_internal_range": "https://networkconnectivity.googleapis.com/v1/projects/prod-project-477306/locations/global/internalRanges/gke-gke-standard-cluster-pods-c941596a"
              }
            ],
            "self_link": "https://www.googleapis.com/compute/v1/projects/prod-project-477306/regions/us-central1/subnetworks/dev-subnet",
            "send_secondary_ip_range_if_empty": null,
            "stack_type": "IPV4_ONLY",
            "state": "",
            "subnetwork_id": 837539039778527385,
            "timeouts": null
          },
          "sensitive_attributes": [],
          "identity_schema_version": 0,
          "private": "eyJlMmJmYjczMC1lY2FhLTExZTYtOGY4OC0zNDM2M2JjN2M0YzAiOnsiY3JlYXRlIjoxMjAwMDAwMDAwMDAwLCJkZWxldGUiOjEyMDAwMDAwMDAwMDAsInVwZGF0ZSI6MTIwMDAwMDAwMDAwMH19",
          "dependencies": [
            "google_compute_network.gke_vpc"
          ]
        }
      ]
    },
    {
      "mode": "managed",
      "type": "google_container_cluster",
      "name": "gke_cluster",
      "provider": "provider[\"registry.terraform.io/hashicorp/google\"]",
      "instances": [
        {
          "schema_version": 2,
          "attributes": {
            "addons_config": [
              {
                "cloudrun_config": [],
                "config_connector_config": [],
                "dns_cache_config": [],
                "gce_persistent_disk_csi_driver_config": [
                  {
                    "enabled": true
                  }
                ],
                "gcp_filestore_csi_driver_config": [],
                "gcs_fuse_csi_driver_config": [],
                "gke_backup_agent_config": [],
                "horizontal_pod_autoscaling": [],
                "http_load_balancing": [],
                "lustre_csi_driver_config": [],
                "network_policy_config": [
                  {
                    "disabled": false
                  }
                ],
                "parallelstore_csi_driver_config": [],
                "ray_operator_config": [],
                "stateful_ha_config": []
              }
            ],
            "allow_net_admin": null,
            "anonymous_authentication_config": [
              {
                "mode": "ENABLED"
              }
            ],
            "authenticator_groups_config": [],
            "binary_authorization": [
              {
                "enabled": false,
                "evaluation_mode": ""
              }
            ],
            "cluster_autoscaling": [
              {
                "auto_provisioning_defaults": [],
                "auto_provisioning_locations": [],
                "autoscaling_profile": "BALANCED",
                "default_compute_class_enabled": false,
                "enabled": false,
                "resource_limits": []
              }
            ],
            "cluster_ipv4_cidr": "10.168.0.0/14",
            "confidential_nodes": [],
            "control_plane_endpoints_config": [
              {
                "dns_endpoint_config": [
                  {
                    "allow_external_traffic": false,
                    "enable_k8s_certs_via_dns": false,
                    "enable_k8s_tokens_via_dns": false,
                    "endpoint": "gke-c941596a012f4a31b53ea5257c10fbed17cd-706412735773.us-central1-a.gke.goog"
                  }
                ],
                "ip_endpoints_config": [
                  {
                    "enabled": true
                  }
                ]
              }
            ],
            "cost_management_config": [],
            "database_encryption": [
              {
                "key_name": "",
                "state": "DECRYPTED"
              }
            ],
            "datapath_provider": "",
            "default_max_pods_per_node": 110,
            "default_snat_status": [
              {
                "disabled": false
              }
            ],
            "deletion_protection": false,
            "description": "",
            "disable_l4_lb_firewall_reconciliation": false,
            "dns_config": [],
            "effective_labels": {
              "goog-terraform-provisioned": "true"
            },
            "enable_autopilot": false,
            "enable_cilium_clusterwide_network_policy": false,
            "enable_fqdn_network_policy": false,
            "enable_intranode_visibility": false,
            "enable_k8s_beta_apis": [],
            "enable_kubernetes_alpha": false,
            "enable_l4_ilb_subsetting": false,
            "enable_legacy_abac": false,
            "enable_multi_networking": false,
            "enable_shielded_nodes": true,
            "enable_tpu": false,
            "endpoint": "35.232.203.185",
            "enterprise_config": [
              {
                "cluster_tier": "STANDARD",
                "desired_tier": ""
              }
            ],
            "fleet": [],
            "gateway_api_config": [],
            "gke_auto_upgrade_config": [],
            "id": "projects/prod-project-477306/locations/us-central1-a/clusters/gke-standard-cluster",
            "identity_service_config": [],
            "in_transit_encryption_config": "",
            "initial_node_count": 1,
            "ip_allocation_policy": [
              {
                "additional_ip_ranges_config": [],
                "additional_pod_ranges_config": [],
                "auto_ipam_config": [],
                "cluster_ipv4_cidr_block": "10.168.0.0/14",
                "cluster_secondary_range_name": "gke-gke-standard-cluster-pods-c941596a",
                "network_tier_config": [
                  {
                    "network_tier": "NETWORK_TIER_DEFAULT"
                  }
                ],
                "pod_cidr_overprovision_config": [
                  {
                    "disabled": false
                  }
                ],
                "services_ipv4_cidr_block": "34.118.224.0/20",
                "services_secondary_range_name": "",
                "stack_type": "IPV4"
              }
            ],
            "label_fingerprint": "78cdf2f6",
            "location": "us-central1-a",
            "logging_config": [
              {
                "enable_components": [
                  "SYSTEM_COMPONENTS",
                  "WORKLOADS"
                ]
              }
            ],
            "logging_service": "logging.googleapis.com/kubernetes",
            "maintenance_policy": [],
            "master_auth": [
              {
                "client_certificate": "",
                "client_certificate_config": [
                  {
                    "issue_client_certificate": false
                  }
                ],
                "client_key": "",
                "cluster_ca_certificate": "LS0tLS1CRUdJTiBDRVJUSUZJQ0FURS0tLS0tCk1JSUVMVENDQXBXZ0F3SUJBZ0lSQUxzUVRxSkpBdzUvVkRsQi9iUE1qMlV3RFFZSktvWklodmNOQVFFTEJRQXcKTHpFdE1Dc0dBMVVFQXhNa1pqZG1OalU0WXpZdE9HSXlNUzAwTjJZd0xXRXhPRGd0Wmprd056RTRZVFl3T0dZMApNQ0FYRFRJMU1URXlPREF4TURZd09Gb1lEekl3TlRVeE1USXhNREl3TmpBNFdqQXZNUzB3S3dZRFZRUURFeVJtCk4yWTJOVGhqTmkwNFlqSXhMVFEzWmpBdFlURTRPQzFtT1RBM01UaGhOakE0WmpRd2dnR2lNQTBHQ1NxR1NJYjMKRFFFQkFRVUFBNElCandBd2dnR0tBb0lCZ1FESnNXSVJQY3ZmNUY5bS9oTXNEaS9VNnpaMmlsNFQ0UzdQdzBNbgpiNGZPMnR0OGtHUytLc3hhRmJWOW05UW1wRm9mNnBBR2lEbXJTQjBaajcvcW1aTVlHWFJlR1JSRTNZdkEzTHVOCk9KL0ZZb0JoN1RWMGcyVkVRWmxaZERjSjV6U0Z4UTVnUi9HZ2lVQzhvbVMzU0doUjNLU2E4OTdLb21BditvaEwKOXd5VWNUYWdzOTVaOUxqRUhhd2pIRVJibTdjTjE0R3ErWkM4dURNeHF6cWQ2RWVRUHNJYTI0Y3VtK0ZleVQyMgo0VW85ZktXS3FCQmVKL1ZDZmxDYmtQT24yaThoOTg3aEorRTlwak5qWlZVcE4yRERDNVU5YXdwN25oVWNmaWoyCkR2MHo4MEFDbktaZ2dQLy9jWkJ1VE5JOFJTMjNZRytrOGliUXJwWFh0VUQrRHVpYXNVV1l4ckpxTUdnUk9NbkYKY0JwVXJtdktxSDBjRDNwbTNBVGxBS283ZE5aekJTZ2cvakVGSEU2TWkzSHpqT2JEbVVDN1RTZFIxUFh1bnJKMQpycXBOaGxVT2h4UEVwakVBeHplT0RuMzJaamJxWjNFcnA1YnYzUHRVVFoxdXM5Njh1aGNRQjVkVzRwdDZGdjkwCk5McVpOLzVKd0d6SzI3N1I1VDRrcXhWRlpuY0NBd0VBQWFOQ01FQXdEZ1lEVlIwUEFRSC9CQVFEQWdJRU1BOEcKQTFVZEV3RUIvd1FGTUFNQkFmOHdIUVlEVlIwT0JCWUVGTEFnL3dsYWFsZzUweHNjUFBId29BQnc2TDB0TUEwRwpDU3FHU0liM0RRRUJDd1VBQTRJQmdRQ3Z5aHdpeDVUbkVEdjNXUFAybHpReHhac0hJdzJRcytkcFpOU0gzZFpnCjQzTlJ2S2d5eVlIS05aelNrQTAxSmcxcXRRNXQ1WTlhS2VZVUZpQk9nZWd5QWZMYWNaK1hVcXVBVHVwVnhNS3oKQ2NTb2NTUGtKL3dOK0sxNWJpdlVEV3UzbUdYR1dURHZnSy9HaVk0OWpBT3ZPN0p3dm5nSTI1QkNqV1A2cWNSVwpIbHdSYkZ2dko0RmNCL0duSVNJdERKODljMVBkMVI5ZHNldmVEeUJpUjNUcHNoL2laUUxhTUlhQ3pXTEVrb08xCkNTaXgrcjF2cEdWT2xSbDhPdFJDUkZZVFdOTmhoMm52alZNUlMxQTByRnEyZEo2bm5CaGp2UGJqN2cyZDV6QlMKMDN2WC9hcVJWdXpSZURMVWp0Z3lZd3lIblVBR1NlL2h0QWVNd0JyZDhraHBnNWhCTHYxcGRjcyt0WFozNjlvdgp3dFpaMlZPVEtNSndIOW5ZdmQ1TmNrQlFhZDByKzZtVUNWMWg5ckVlRlh0MG8yWVc3bXhBaExwTm83N2lIMmlVCmlyUWxQZUoxeVJJejdpWnhpcXZaajZwbVZSditVbGJzVHFEamZFZUltcllaREF6RXoxSUxKMU5hVmNpalZKdisKSGNBT1BzZzltclZXaVBMQnlvbzIwU1U9Ci0tLS0tRU5EIENFUlRJRklDQVRFLS0tLS0K"
              }
            ],
            "master_authorized_networks_config": [],
            "master_version": "1.33.5-gke.1308000",
            "mesh_certificates": [],
            "min_master_version": null,
            "monitoring_config": [
              {
                "advanced_datapath_observability_config": [
                  {
                    "enable_metrics": false,
                    "enable_relay": false
                  }
                ],
                "enable_components": [
                  "SYSTEM_COMPONENTS",
                  "POD",
                  "DAEMONSET",
                  "DEPLOYMENT",
                  "STATEFULSET",
                  "JOBSET",
                  "STORAGE",
                  "HPA",
                  "CADVISOR",
                  "KUBELET",
                  "DCGM"
                ],
                "managed_prometheus": [
                  {
                    "auto_monitoring_config": [],
                    "enabled": true
                  }
                ]
              }
            ],
            "monitoring_service": "monitoring.googleapis.com/kubernetes",
            "name": "gke-standard-cluster",
            "network": "projects/prod-project-477306/global/networks/dev-vpc",
            "network_performance_config": [],
            "network_policy": [
              {
                "enabled": true,
                "provider": "CALICO"
              }
            ],
            "networking_mode": "VPC_NATIVE",
            "node_config": [],
            "node_locations": [],
            "node_pool": [],
            "node_pool_auto_config": [
              {
                "linux_node_config": [],
                "network_tags": [],
                "node_kubelet_config": [
                  {
                    "insecure_kubelet_readonly_port_enabled": "FALSE"
                  }
                ],
                "resource_manager_tags": {}
              }
            ],
            "node_pool_defaults": [
              {
                "node_config_defaults": [
                  {
                    "containerd_config": [],
                    "gcfs_config": [],
                    "insecure_kubelet_readonly_port_enabled": "FALSE",
                    "logging_variant": "DEFAULT"
                  }
                ]
              }
            ],
            "node_version": "1.33.5-gke.1201000",
            "notification_config": [
              {
                "pubsub": [
                  {
                    "enabled": false,
                    "filter": [],
                    "topic": ""
                  }
                ]
              }
            ],
            "operation": null,
            "pod_autoscaling": [
              {
                "hpa_profile": "PERFORMANCE"
              }
            ],
            "private_cluster_config": [
              {
                "enable_private_endpoint": false,
                "enable_private_nodes": false,
                "master_global_access_config": [
                  {
                    "enabled": false
                  }
                ],
                "master_ipv4_cidr_block": "",
                "peering_name": "",
                "private_endpoint": "10.0.0.8",
                "private_endpoint_subnetwork": "",
                "public_endpoint": "35.232.203.185"
              }
            ],
            "private_ipv6_google_access": "",
            "project": "prod-project-477306",
            "rbac_binding_config": [
              {
                "enable_insecure_binding_system_authenticated": true,
                "enable_insecure_binding_system_unauthenticated": true
              }
            ],
            "release_channel": [
              {
                "channel": "REGULAR"
              }
            ],
            "remove_default_node_pool": true,
            "resource_labels": {},
            "resource_usage_export_config": [],
            "secret_manager_config": [
              {
                "enabled": false,
                "rotation_config": []
              }
            ],
            "security_posture_config": [
              {
                "mode": "BASIC",
                "vulnerability_mode": "VULNERABILITY_MODE_UNSPECIFIED"
              }
            ],
            "self_link": "https://container.googleapis.com/v1/projects/prod-project-477306/zones/us-central1-a/clusters/gke-standard-cluster",
            "service_external_ips_config": [
              {
                "enabled": false
              }
            ],
            "services_ipv4_cidr": "34.118.224.0/20",
            "subnetwork": "projects/prod-project-477306/regions/us-central1/subnetworks/dev-subnet",
            "terraform_labels": {
              "goog-terraform-provisioned": "true"
            },
            "timeouts": null,
            "tpu_ipv4_cidr_block": "",
            "user_managed_keys_config": [],
            "vertical_pod_autoscaling": [],
            "workload_identity_config": []
          },
          "sensitive_attributes": [
            [
              {
                "type": "get_attr",
                "value": "master_auth"
              },
              {
                "type": "index",
                "value": {
                  "value": 0,
                  "type": "number"
                }
              },
              {
                "type": "get_attr",
                "value": "client_key"
              }
            ]
          ],
          "identity_schema_version": 0,
          "private": "eyJlMmJmYjczMC1lY2FhLTExZTYtOGY4OC0zNDM2M2JjN2M0YzAiOnsiY3JlYXRlIjoyNDAwMDAwMDAwMDAwLCJkZWxldGUiOjI0MDAwMDAwMDAwMDAsInJlYWQiOjI0MDAwMDAwMDAwMDAsInVwZGF0ZSI6MzYwMDAwMDAwMDAwMH0sInNjaGVtYV92ZXJzaW9uIjoiMiJ9",
          "dependencies": [
            "google_compute_network.gke_vpc",
            "google_compute_subnetwork.gke_subnet"
          ]
        }
      ]
    }
  ],
  "check_results": null
}
